// !$*UTF8*$!
{
	archiveVersion = 1;
	classes = {
	};
	objectVersion = 55;
	objects = {

/* Begin PBXBuildFile section */
		1A611A83760EEFB18DF7D646 /* Pods_Advanced_Networking_LayerTests.framework in Frameworks */ = {isa = PBXBuildFile; fileRef = 119954B245C615CB747E00AE /* Pods_Advanced_Networking_LayerTests.framework */; };
		A0B800D5F15535A98F1F96F9 /* Pods_Advanced_Networking_Layer.framework in Frameworks */ = {isa = PBXBuildFile; fileRef = 4657ECFBD9721857F6E8F7FF /* Pods_Advanced_Networking_Layer.framework */; };
		E7207822641C39F466DE948A /* Pods_Advanced_Networking_Layer_Advanced_Networking_LayerUITests.framework in Frameworks */ = {isa = PBXBuildFile; fileRef = 6D9D22A35F190B5B8EE6AEAD /* Pods_Advanced_Networking_Layer_Advanced_Networking_LayerUITests.framework */; };
		EA02CE35273EC60100C6B49F /* AppDelegate.swift in Sources */ = {isa = PBXBuildFile; fileRef = EA02CE34273EC60100C6B49F /* AppDelegate.swift */; };
		EA02CE37273EC60100C6B49F /* SceneDelegate.swift in Sources */ = {isa = PBXBuildFile; fileRef = EA02CE36273EC60100C6B49F /* SceneDelegate.swift */; };
		EA02CE39273EC60100C6B49F /* NewsViewController.swift in Sources */ = {isa = PBXBuildFile; fileRef = EA02CE38273EC60100C6B49F /* NewsViewController.swift */; };
		EA02CE3C273EC60100C6B49F /* Main.storyboard in Resources */ = {isa = PBXBuildFile; fileRef = EA02CE3A273EC60100C6B49F /* Main.storyboard */; };
		EA02CE41273EC60600C6B49F /* Assets.xcassets in Resources */ = {isa = PBXBuildFile; fileRef = EA02CE40273EC60600C6B49F /* Assets.xcassets */; };
		EA02CE44273EC60600C6B49F /* LaunchScreen.storyboard in Resources */ = {isa = PBXBuildFile; fileRef = EA02CE42273EC60600C6B49F /* LaunchScreen.storyboard */; };
		EA02CE4F273EC60600C6B49F /* NewsUseCaseTesting.swift in Sources */ = {isa = PBXBuildFile; fileRef = EA02CE4E273EC60600C6B49F /* NewsUseCaseTesting.swift */; };
		EA02CE59273EC60700C6B49F /* Advanced_Networking_LayerUITests.swift in Sources */ = {isa = PBXBuildFile; fileRef = EA02CE58273EC60700C6B49F /* Advanced_Networking_LayerUITests.swift */; };
		EA02CE5B273EC60700C6B49F /* Advanced_Networking_LayerUITestsLaunchTests.swift in Sources */ = {isa = PBXBuildFile; fileRef = EA02CE5A273EC60700C6B49F /* Advanced_Networking_LayerUITestsLaunchTests.swift */; };
		EA02CE6C273EC65700C6B49F /* RequestsRouter.swift in Sources */ = {isa = PBXBuildFile; fileRef = EA02CE6B273EC65700C6B49F /* RequestsRouter.swift */; };
		EA02CE6E273EC66200C6B49F /* EventsMonitor.swift in Sources */ = {isa = PBXBuildFile; fileRef = EA02CE6D273EC66200C6B49F /* EventsMonitor.swift */; };
		EA02CE70273EC67000C6B49F /* RequestsInterceptor.swift in Sources */ = {isa = PBXBuildFile; fileRef = EA02CE6F273EC67000C6B49F /* RequestsInterceptor.swift */; };
		EA02CE72273EC67D00C6B49F /* NetworkReachability.swift in Sources */ = {isa = PBXBuildFile; fileRef = EA02CE71273EC67D00C6B49F /* NetworkReachability.swift */; };
		EA02CE74273EC68C00C6B49F /* NetworkingManger.swift in Sources */ = {isa = PBXBuildFile; fileRef = EA02CE73273EC68C00C6B49F /* NetworkingManger.swift */; };
		EA02CE76273ECB3000C6B49F /* NewsModel.swift in Sources */ = {isa = PBXBuildFile; fileRef = EA02CE75273ECB3000C6B49F /* NewsModel.swift */; };
		EA02CE79273ED23500C6B49F /* StubRequests.swift in Sources */ = {isa = PBXBuildFile; fileRef = EA02CE78273ED23500C6B49F /* StubRequests.swift */; };
		EA02CE7B273ED25500C6B49F /* JSONMocking.swift in Sources */ = {isa = PBXBuildFile; fileRef = EA02CE7A273ED25500C6B49F /* JSONMocking.swift */; };
		EA02CE7D273ED8E400C6B49F /* NewsUseCases.swift in Sources */ = {isa = PBXBuildFile; fileRef = EA02CE7C273ED8E400C6B49F /* NewsUseCases.swift */; };
		EA02CE7F273EDACE00C6B49F /* NewsViewModel.swift in Sources */ = {isa = PBXBuildFile; fileRef = EA02CE7E273EDACE00C6B49F /* NewsViewModel.swift */; };
		EABC9A3127401F9F00DF57E1 /* CommonViews.swift in Sources */ = {isa = PBXBuildFile; fileRef = EABC9A3027401F9F00DF57E1 /* CommonViews.swift */; };
		EABC9A342740210100DF57E1 /* NewsProtocols.swift in Sources */ = {isa = PBXBuildFile; fileRef = EABC9A332740210100DF57E1 /* NewsProtocols.swift */; };
		EABC9A36274029C100DF57E1 /* NewsViewModelTesting.swift in Sources */ = {isa = PBXBuildFile; fileRef = EABC9A35274029C100DF57E1 /* NewsViewModelTesting.swift */; };
/* End PBXBuildFile section */

/* Begin PBXContainerItemProxy section */
		EA02CE4B273EC60600C6B49F /* PBXContainerItemProxy */ = {
			isa = PBXContainerItemProxy;
			containerPortal = EA02CE29273EC60000C6B49F /* Project object */;
			proxyType = 1;
			remoteGlobalIDString = EA02CE30273EC60000C6B49F;
			remoteInfo = "Advanced Networking Layer";
		};
		EA02CE55273EC60700C6B49F /* PBXContainerItemProxy */ = {
			isa = PBXContainerItemProxy;
			containerPortal = EA02CE29273EC60000C6B49F /* Project object */;
			proxyType = 1;
			remoteGlobalIDString = EA02CE30273EC60000C6B49F;
			remoteInfo = "Advanced Networking Layer";
		};
/* End PBXContainerItemProxy section */

/* Begin PBXFileReference section */
		04D7DB7D5A9A65A8264797DD /* Pods-Advanced Networking LayerTests.debug.xcconfig */ = {isa = PBXFileReference; includeInIndex = 1; lastKnownFileType = text.xcconfig; name = "Pods-Advanced Networking LayerTests.debug.xcconfig"; path = "Target Support Files/Pods-Advanced Networking LayerTests/Pods-Advanced Networking LayerTests.debug.xcconfig"; sourceTree = "<group>"; };
		04E722994419B9FA57311B50 /* Pods-Advanced Networking Layer.release.xcconfig */ = {isa = PBXFileReference; includeInIndex = 1; lastKnownFileType = text.xcconfig; name = "Pods-Advanced Networking Layer.release.xcconfig"; path = "Target Support Files/Pods-Advanced Networking Layer/Pods-Advanced Networking Layer.release.xcconfig"; sourceTree = "<group>"; };
		119954B245C615CB747E00AE /* Pods_Advanced_Networking_LayerTests.framework */ = {isa = PBXFileReference; explicitFileType = wrapper.framework; includeInIndex = 0; path = Pods_Advanced_Networking_LayerTests.framework; sourceTree = BUILT_PRODUCTS_DIR; };
		15D5F61908B2C1D9FF105AB8 /* Pods-Advanced Networking Layer-Advanced Networking LayerUITests.release.xcconfig */ = {isa = PBXFileReference; includeInIndex = 1; lastKnownFileType = text.xcconfig; name = "Pods-Advanced Networking Layer-Advanced Networking LayerUITests.release.xcconfig"; path = "Target Support Files/Pods-Advanced Networking Layer-Advanced Networking LayerUITests/Pods-Advanced Networking Layer-Advanced Networking LayerUITests.release.xcconfig"; sourceTree = "<group>"; };
		4657ECFBD9721857F6E8F7FF /* Pods_Advanced_Networking_Layer.framework */ = {isa = PBXFileReference; explicitFileType = wrapper.framework; includeInIndex = 0; path = Pods_Advanced_Networking_Layer.framework; sourceTree = BUILT_PRODUCTS_DIR; };
		6D9D22A35F190B5B8EE6AEAD /* Pods_Advanced_Networking_Layer_Advanced_Networking_LayerUITests.framework */ = {isa = PBXFileReference; explicitFileType = wrapper.framework; includeInIndex = 0; path = Pods_Advanced_Networking_Layer_Advanced_Networking_LayerUITests.framework; sourceTree = BUILT_PRODUCTS_DIR; };
		6DAD01EC5667174F72100120 /* Pods-Advanced Networking Layer-Advanced Networking LayerUITests.debug.xcconfig */ = {isa = PBXFileReference; includeInIndex = 1; lastKnownFileType = text.xcconfig; name = "Pods-Advanced Networking Layer-Advanced Networking LayerUITests.debug.xcconfig"; path = "Target Support Files/Pods-Advanced Networking Layer-Advanced Networking LayerUITests/Pods-Advanced Networking Layer-Advanced Networking LayerUITests.debug.xcconfig"; sourceTree = "<group>"; };
		B4E9EE00EB32004AAC554B4B /* Pods-Advanced Networking LayerTests.release.xcconfig */ = {isa = PBXFileReference; includeInIndex = 1; lastKnownFileType = text.xcconfig; name = "Pods-Advanced Networking LayerTests.release.xcconfig"; path = "Target Support Files/Pods-Advanced Networking LayerTests/Pods-Advanced Networking LayerTests.release.xcconfig"; sourceTree = "<group>"; };
		EA02CE31273EC60000C6B49F /* Advanced Networking Layer.app */ = {isa = PBXFileReference; explicitFileType = wrapper.application; includeInIndex = 0; path = "Advanced Networking Layer.app"; sourceTree = BUILT_PRODUCTS_DIR; };
		EA02CE34273EC60100C6B49F /* AppDelegate.swift */ = {isa = PBXFileReference; lastKnownFileType = sourcecode.swift; path = AppDelegate.swift; sourceTree = "<group>"; };
		EA02CE36273EC60100C6B49F /* SceneDelegate.swift */ = {isa = PBXFileReference; lastKnownFileType = sourcecode.swift; path = SceneDelegate.swift; sourceTree = "<group>"; };
		EA02CE38273EC60100C6B49F /* NewsViewController.swift */ = {isa = PBXFileReference; lastKnownFileType = sourcecode.swift; path = NewsViewController.swift; sourceTree = "<group>"; };
		EA02CE3B273EC60100C6B49F /* Base */ = {isa = PBXFileReference; lastKnownFileType = file.storyboard; name = Base; path = Base.lproj/Main.storyboard; sourceTree = "<group>"; };
		EA02CE40273EC60600C6B49F /* Assets.xcassets */ = {isa = PBXFileReference; lastKnownFileType = folder.assetcatalog; path = Assets.xcassets; sourceTree = "<group>"; };
		EA02CE43273EC60600C6B49F /* Base */ = {isa = PBXFileReference; lastKnownFileType = file.storyboard; name = Base; path = Base.lproj/LaunchScreen.storyboard; sourceTree = "<group>"; };
		EA02CE45273EC60600C6B49F /* Info.plist */ = {isa = PBXFileReference; lastKnownFileType = text.plist.xml; path = Info.plist; sourceTree = "<group>"; };
		EA02CE4A273EC60600C6B49F /* Advanced Networking LayerTests.xctest */ = {isa = PBXFileReference; explicitFileType = wrapper.cfbundle; includeInIndex = 0; path = "Advanced Networking LayerTests.xctest"; sourceTree = BUILT_PRODUCTS_DIR; };
		EA02CE4E273EC60600C6B49F /* NewsUseCaseTesting.swift */ = {isa = PBXFileReference; lastKnownFileType = sourcecode.swift; path = NewsUseCaseTesting.swift; sourceTree = "<group>"; };
		EA02CE54273EC60700C6B49F /* Advanced Networking LayerUITests.xctest */ = {isa = PBXFileReference; explicitFileType = wrapper.cfbundle; includeInIndex = 0; path = "Advanced Networking LayerUITests.xctest"; sourceTree = BUILT_PRODUCTS_DIR; };
		EA02CE58273EC60700C6B49F /* Advanced_Networking_LayerUITests.swift */ = {isa = PBXFileReference; lastKnownFileType = sourcecode.swift; path = Advanced_Networking_LayerUITests.swift; sourceTree = "<group>"; };
		EA02CE5A273EC60700C6B49F /* Advanced_Networking_LayerUITestsLaunchTests.swift */ = {isa = PBXFileReference; lastKnownFileType = sourcecode.swift; path = Advanced_Networking_LayerUITestsLaunchTests.swift; sourceTree = "<group>"; };
		EA02CE6B273EC65700C6B49F /* RequestsRouter.swift */ = {isa = PBXFileReference; lastKnownFileType = sourcecode.swift; path = RequestsRouter.swift; sourceTree = "<group>"; };
		EA02CE6D273EC66200C6B49F /* EventsMonitor.swift */ = {isa = PBXFileReference; lastKnownFileType = sourcecode.swift; path = EventsMonitor.swift; sourceTree = "<group>"; };
		EA02CE6F273EC67000C6B49F /* RequestsInterceptor.swift */ = {isa = PBXFileReference; lastKnownFileType = sourcecode.swift; path = RequestsInterceptor.swift; sourceTree = "<group>"; };
		EA02CE71273EC67D00C6B49F /* NetworkReachability.swift */ = {isa = PBXFileReference; lastKnownFileType = sourcecode.swift; path = NetworkReachability.swift; sourceTree = "<group>"; };
		EA02CE73273EC68C00C6B49F /* NetworkingManger.swift */ = {isa = PBXFileReference; lastKnownFileType = sourcecode.swift; path = NetworkingManger.swift; sourceTree = "<group>"; };
		EA02CE75273ECB3000C6B49F /* NewsModel.swift */ = {isa = PBXFileReference; lastKnownFileType = sourcecode.swift; path = NewsModel.swift; sourceTree = "<group>"; };
		EA02CE78273ED23500C6B49F /* StubRequests.swift */ = {isa = PBXFileReference; lastKnownFileType = sourcecode.swift; path = StubRequests.swift; sourceTree = "<group>"; };
		EA02CE7A273ED25500C6B49F /* JSONMocking.swift */ = {isa = PBXFileReference; lastKnownFileType = sourcecode.swift; path = JSONMocking.swift; sourceTree = "<group>"; };
		EA02CE7C273ED8E400C6B49F /* NewsUseCases.swift */ = {isa = PBXFileReference; lastKnownFileType = sourcecode.swift; path = NewsUseCases.swift; sourceTree = "<group>"; };
		EA02CE7E273EDACE00C6B49F /* NewsViewModel.swift */ = {isa = PBXFileReference; lastKnownFileType = sourcecode.swift; path = NewsViewModel.swift; sourceTree = "<group>"; };
		EA9AE5BD19B77E31197D216D /* Pods-Advanced Networking Layer.debug.xcconfig */ = {isa = PBXFileReference; includeInIndex = 1; lastKnownFileType = text.xcconfig; name = "Pods-Advanced Networking Layer.debug.xcconfig"; path = "Target Support Files/Pods-Advanced Networking Layer/Pods-Advanced Networking Layer.debug.xcconfig"; sourceTree = "<group>"; };
		EABC9A3027401F9F00DF57E1 /* CommonViews.swift */ = {isa = PBXFileReference; lastKnownFileType = sourcecode.swift; path = CommonViews.swift; sourceTree = "<group>"; };
		EABC9A332740210100DF57E1 /* NewsProtocols.swift */ = {isa = PBXFileReference; lastKnownFileType = sourcecode.swift; path = NewsProtocols.swift; sourceTree = "<group>"; };
		EABC9A35274029C100DF57E1 /* NewsViewModelTesting.swift */ = {isa = PBXFileReference; lastKnownFileType = sourcecode.swift; path = NewsViewModelTesting.swift; sourceTree = "<group>"; };
/* End PBXFileReference section */

/* Begin PBXFrameworksBuildPhase section */
		EA02CE2E273EC60000C6B49F /* Frameworks */ = {
			isa = PBXFrameworksBuildPhase;
			buildActionMask = 2147483647;
			files = (
				A0B800D5F15535A98F1F96F9 /* Pods_Advanced_Networking_Layer.framework in Frameworks */,
			);
			runOnlyForDeploymentPostprocessing = 0;
		};
		EA02CE47273EC60600C6B49F /* Frameworks */ = {
			isa = PBXFrameworksBuildPhase;
			buildActionMask = 2147483647;
			files = (
				1A611A83760EEFB18DF7D646 /* Pods_Advanced_Networking_LayerTests.framework in Frameworks */,
			);
			runOnlyForDeploymentPostprocessing = 0;
		};
		EA02CE51273EC60700C6B49F /* Frameworks */ = {
			isa = PBXFrameworksBuildPhase;
			buildActionMask = 2147483647;
			files = (
				E7207822641C39F466DE948A /* Pods_Advanced_Networking_Layer_Advanced_Networking_LayerUITests.framework in Frameworks */,
			);
			runOnlyForDeploymentPostprocessing = 0;
		};
/* End PBXFrameworksBuildPhase section */

/* Begin PBXGroup section */
		225C3988B2C54F74C40C06FA /* Pods */ = {
			isa = PBXGroup;
			children = (
				EA9AE5BD19B77E31197D216D /* Pods-Advanced Networking Layer.debug.xcconfig */,
				04E722994419B9FA57311B50 /* Pods-Advanced Networking Layer.release.xcconfig */,
				6DAD01EC5667174F72100120 /* Pods-Advanced Networking Layer-Advanced Networking LayerUITests.debug.xcconfig */,
				15D5F61908B2C1D9FF105AB8 /* Pods-Advanced Networking Layer-Advanced Networking LayerUITests.release.xcconfig */,
				04D7DB7D5A9A65A8264797DD /* Pods-Advanced Networking LayerTests.debug.xcconfig */,
				B4E9EE00EB32004AAC554B4B /* Pods-Advanced Networking LayerTests.release.xcconfig */,
			);
			path = Pods;
			sourceTree = "<group>";
		};
		627DB1D5D4124F820341077B /* Frameworks */ = {
			isa = PBXGroup;
			children = (
				4657ECFBD9721857F6E8F7FF /* Pods_Advanced_Networking_Layer.framework */,
				6D9D22A35F190B5B8EE6AEAD /* Pods_Advanced_Networking_Layer_Advanced_Networking_LayerUITests.framework */,
				119954B245C615CB747E00AE /* Pods_Advanced_Networking_LayerTests.framework */,
			);
			name = Frameworks;
			sourceTree = "<group>";
		};
		EA02CE28273EC60000C6B49F = {
			isa = PBXGroup;
			children = (
				EA02CE33273EC60100C6B49F /* Advanced Networking Layer */,
				EA02CE4D273EC60600C6B49F /* Advanced Networking LayerTests */,
				EA02CE57273EC60700C6B49F /* Advanced Networking LayerUITests */,
				EA02CE32273EC60000C6B49F /* Products */,
				225C3988B2C54F74C40C06FA /* Pods */,
				627DB1D5D4124F820341077B /* Frameworks */,
			);
			sourceTree = "<group>";
		};
		EA02CE32273EC60000C6B49F /* Products */ = {
			isa = PBXGroup;
			children = (
				EA02CE31273EC60000C6B49F /* Advanced Networking Layer.app */,
				EA02CE4A273EC60600C6B49F /* Advanced Networking LayerTests.xctest */,
				EA02CE54273EC60700C6B49F /* Advanced Networking LayerUITests.xctest */,
			);
			name = Products;
			sourceTree = "<group>";
		};
		EA02CE33273EC60100C6B49F /* Advanced Networking Layer */ = {
			isa = PBXGroup;
			children = (
				EA02CE67273EC61400C6B49F /* App Delegate */,
				EA02CE68273EC62600C6B49F /* Storyboard */,
				EA02CE77273ECEA000C6B49F /* Modules */,
				EA02CE6A273EC64300C6B49F /* Networking Layer */,
				EA02CE69273EC63A00C6B49F /* Assets */,
				EABC9A2E27401F8E00DF57E1 /* Helper */,
				EA02CE45273EC60600C6B49F /* Info.plist */,
			);
			path = "Advanced Networking Layer";
			sourceTree = "<group>";
		};
		EA02CE4D273EC60600C6B49F /* Advanced Networking LayerTests */ = {
			isa = PBXGroup;
			children = (
				EA02CE80273EE8D600C6B49F /* Mocking and Stubbing */,
				EA02CE4E273EC60600C6B49F /* NewsUseCaseTesting.swift */,
				EABC9A35274029C100DF57E1 /* NewsViewModelTesting.swift */,
			);
			path = "Advanced Networking LayerTests";
			sourceTree = "<group>";
		};
		EA02CE57273EC60700C6B49F /* Advanced Networking LayerUITests */ = {
			isa = PBXGroup;
			children = (
				EA02CE58273EC60700C6B49F /* Advanced_Networking_LayerUITests.swift */,
				EA02CE5A273EC60700C6B49F /* Advanced_Networking_LayerUITestsLaunchTests.swift */,
			);
			path = "Advanced Networking LayerUITests";
			sourceTree = "<group>";
		};
		EA02CE67273EC61400C6B49F /* App Delegate */ = {
			isa = PBXGroup;
			children = (
				EA02CE34273EC60100C6B49F /* AppDelegate.swift */,
				EA02CE36273EC60100C6B49F /* SceneDelegate.swift */,
			);
			path = "App Delegate";
			sourceTree = "<group>";
		};
		EA02CE68273EC62600C6B49F /* Storyboard */ = {
			isa = PBXGroup;
			children = (
				EA02CE3A273EC60100C6B49F /* Main.storyboard */,
				EA02CE42273EC60600C6B49F /* LaunchScreen.storyboard */,
			);
			path = Storyboard;
			sourceTree = "<group>";
		};
		EA02CE69273EC63A00C6B49F /* Assets */ = {
			isa = PBXGroup;
			children = (
				EA02CE40273EC60600C6B49F /* Assets.xcassets */,
			);
			path = Assets;
			sourceTree = "<group>";
		};
		EA02CE6A273EC64300C6B49F /* Networking Layer */ = {
			isa = PBXGroup;
			children = (
				EA02CE73273EC68C00C6B49F /* NetworkingManger.swift */,
				EA02CE6B273EC65700C6B49F /* RequestsRouter.swift */,
				EA02CE6D273EC66200C6B49F /* EventsMonitor.swift */,
				EA02CE6F273EC67000C6B49F /* RequestsInterceptor.swift */,
				EA02CE71273EC67D00C6B49F /* NetworkReachability.swift */,
			);
			path = "Networking Layer";
			sourceTree = "<group>";
		};
		EA02CE77273ECEA000C6B49F /* Modules */ = {
			isa = PBXGroup;
			children = (
				EABC9A3727402AB400DF57E1 /* NewsModule */,
			);
			path = Modules;
			sourceTree = "<group>";
		};
		EA02CE80273EE8D600C6B49F /* Mocking and Stubbing */ = {
			isa = PBXGroup;
			children = (
				EA02CE78273ED23500C6B49F /* StubRequests.swift */,
				EA02CE7A273ED25500C6B49F /* JSONMocking.swift */,
			);
			path = "Mocking and Stubbing";
			sourceTree = "<group>";
		};
		EABC9A2E27401F8E00DF57E1 /* Helper */ = {
			isa = PBXGroup;
			children = (
				EABC9A2F27401F9400DF57E1 /* CommonViews */,
			);
			path = Helper;
			sourceTree = "<group>";
		};
		EABC9A2F27401F9400DF57E1 /* CommonViews */ = {
			isa = PBXGroup;
			children = (
				EABC9A3027401F9F00DF57E1 /* CommonViews.swift */,
			);
			path = CommonViews;
			sourceTree = "<group>";
		};
		EABC9A3727402AB400DF57E1 /* NewsModule */ = {
			isa = PBXGroup;
			children = (
				EA02CE75273ECB3000C6B49F /* NewsModel.swift */,
				EABC9A332740210100DF57E1 /* NewsProtocols.swift */,
				EA02CE7C273ED8E400C6B49F /* NewsUseCases.swift */,
				EA02CE7E273EDACE00C6B49F /* NewsViewModel.swift */,
				EA02CE38273EC60100C6B49F /* NewsViewController.swift */,
			);
			path = NewsModule;
			sourceTree = "<group>";
		};
/* End PBXGroup section */

/* Begin PBXNativeTarget section */
		EA02CE30273EC60000C6B49F /* Advanced Networking Layer */ = {
			isa = PBXNativeTarget;
			buildConfigurationList = EA02CE5E273EC60700C6B49F /* Build configuration list for PBXNativeTarget "Advanced Networking Layer" */;
			buildPhases = (
				FB61AAAE22643C98E738578F /* [CP] Check Pods Manifest.lock */,
				EA02CE2D273EC60000C6B49F /* Sources */,
				EA02CE2E273EC60000C6B49F /* Frameworks */,
				EA02CE2F273EC60000C6B49F /* Resources */,
				89A3221FCAB7078015AC6BA8 /* [CP] Embed Pods Frameworks */,
			);
			buildRules = (
			);
			dependencies = (
			);
			name = "Advanced Networking Layer";
			productName = "Advanced Networking Layer";
			productReference = EA02CE31273EC60000C6B49F /* Advanced Networking Layer.app */;
			productType = "com.apple.product-type.application";
		};
		EA02CE49273EC60600C6B49F /* Advanced Networking LayerTests */ = {
			isa = PBXNativeTarget;
			buildConfigurationList = EA02CE61273EC60700C6B49F /* Build configuration list for PBXNativeTarget "Advanced Networking LayerTests" */;
			buildPhases = (
				9BBD02B60C28F23ECA2A36E7 /* [CP] Check Pods Manifest.lock */,
				EA02CE46273EC60600C6B49F /* Sources */,
				EA02CE47273EC60600C6B49F /* Frameworks */,
				EA02CE48273EC60600C6B49F /* Resources */,
			);
			buildRules = (
			);
			dependencies = (
				EA02CE4C273EC60600C6B49F /* PBXTargetDependency */,
			);
			name = "Advanced Networking LayerTests";
			productName = "Advanced Networking LayerTests";
			productReference = EA02CE4A273EC60600C6B49F /* Advanced Networking LayerTests.xctest */;
			productType = "com.apple.product-type.bundle.unit-test";
		};
		EA02CE53273EC60700C6B49F /* Advanced Networking LayerUITests */ = {
			isa = PBXNativeTarget;
			buildConfigurationList = EA02CE64273EC60700C6B49F /* Build configuration list for PBXNativeTarget "Advanced Networking LayerUITests" */;
			buildPhases = (
				105AF678EC9414AF8690D526 /* [CP] Check Pods Manifest.lock */,
				EA02CE50273EC60700C6B49F /* Sources */,
				EA02CE51273EC60700C6B49F /* Frameworks */,
				EA02CE52273EC60700C6B49F /* Resources */,
				82A25970EF3F866A7BC98951 /* [CP] Embed Pods Frameworks */,
			);
			buildRules = (
			);
			dependencies = (
				EA02CE56273EC60700C6B49F /* PBXTargetDependency */,
			);
			name = "Advanced Networking LayerUITests";
			productName = "Advanced Networking LayerUITests";
			productReference = EA02CE54273EC60700C6B49F /* Advanced Networking LayerUITests.xctest */;
			productType = "com.apple.product-type.bundle.ui-testing";
		};
/* End PBXNativeTarget section */

/* Begin PBXProject section */
		EA02CE29273EC60000C6B49F /* Project object */ = {
			isa = PBXProject;
			attributes = {
				BuildIndependentTargetsInParallel = 1;
				LastSwiftUpdateCheck = 1310;
				LastUpgradeCheck = 1310;
				TargetAttributes = {
					EA02CE30273EC60000C6B49F = {
						CreatedOnToolsVersion = 13.1;
					};
					EA02CE49273EC60600C6B49F = {
						CreatedOnToolsVersion = 13.1;
						TestTargetID = EA02CE30273EC60000C6B49F;
					};
					EA02CE53273EC60700C6B49F = {
						CreatedOnToolsVersion = 13.1;
						TestTargetID = EA02CE30273EC60000C6B49F;
					};
				};
			};
			buildConfigurationList = EA02CE2C273EC60000C6B49F /* Build configuration list for PBXProject "Advanced Networking Layer" */;
			compatibilityVersion = "Xcode 13.0";
			developmentRegion = en;
			hasScannedForEncodings = 0;
			knownRegions = (
				en,
				Base,
			);
			mainGroup = EA02CE28273EC60000C6B49F;
			productRefGroup = EA02CE32273EC60000C6B49F /* Products */;
			projectDirPath = "";
			projectRoot = "";
			targets = (
				EA02CE30273EC60000C6B49F /* Advanced Networking Layer */,
				EA02CE49273EC60600C6B49F /* Advanced Networking LayerTests */,
				EA02CE53273EC60700C6B49F /* Advanced Networking LayerUITests */,
			);
		};
/* End PBXProject section */

/* Begin PBXResourcesBuildPhase section */
		EA02CE2F273EC60000C6B49F /* Resources */ = {
			isa = PBXResourcesBuildPhase;
			buildActionMask = 2147483647;
			files = (
				EA02CE44273EC60600C6B49F /* LaunchScreen.storyboard in Resources */,
				EA02CE41273EC60600C6B49F /* Assets.xcassets in Resources */,
				EA02CE3C273EC60100C6B49F /* Main.storyboard in Resources */,
			);
			runOnlyForDeploymentPostprocessing = 0;
		};
		EA02CE48273EC60600C6B49F /* Resources */ = {
			isa = PBXResourcesBuildPhase;
			buildActionMask = 2147483647;
			files = (
			);
			runOnlyForDeploymentPostprocessing = 0;
		};
		EA02CE52273EC60700C6B49F /* Resources */ = {
			isa = PBXResourcesBuildPhase;
			buildActionMask = 2147483647;
			files = (
			);
			runOnlyForDeploymentPostprocessing = 0;
		};
/* End PBXResourcesBuildPhase section */

/* Begin PBXShellScriptBuildPhase section */
		105AF678EC9414AF8690D526 /* [CP] Check Pods Manifest.lock */ = {
			isa = PBXShellScriptBuildPhase;
			buildActionMask = 2147483647;
			files = (
			);
			inputFileListPaths = (
			);
			inputPaths = (
				"${PODS_PODFILE_DIR_PATH}/Podfile.lock",
				"${PODS_ROOT}/Manifest.lock",
			);
			name = "[CP] Check Pods Manifest.lock";
			outputFileListPaths = (
			);
			outputPaths = (
				"$(DERIVED_FILE_DIR)/Pods-Advanced Networking Layer-Advanced Networking LayerUITests-checkManifestLockResult.txt",
			);
			runOnlyForDeploymentPostprocessing = 0;
			shellPath = /bin/sh;
			shellScript = "diff \"${PODS_PODFILE_DIR_PATH}/Podfile.lock\" \"${PODS_ROOT}/Manifest.lock\" > /dev/null\nif [ $? != 0 ] ; then\n    # print error to STDERR\n    echo \"error: The sandbox is not in sync with the Podfile.lock. Run 'pod install' or update your CocoaPods installation.\" >&2\n    exit 1\nfi\n# This output is used by Xcode 'outputs' to avoid re-running this script phase.\necho \"SUCCESS\" > \"${SCRIPT_OUTPUT_FILE_0}\"\n";
			showEnvVarsInLog = 0;
		};
		82A25970EF3F866A7BC98951 /* [CP] Embed Pods Frameworks */ = {
			isa = PBXShellScriptBuildPhase;
			buildActionMask = 2147483647;
			files = (
			);
			inputFileListPaths = (
				"${PODS_ROOT}/Target Support Files/Pods-Advanced Networking Layer-Advanced Networking LayerUITests/Pods-Advanced Networking Layer-Advanced Networking LayerUITests-frameworks-${CONFIGURATION}-input-files.xcfilelist",
			);
			name = "[CP] Embed Pods Frameworks";
			outputFileListPaths = (
				"${PODS_ROOT}/Target Support Files/Pods-Advanced Networking Layer-Advanced Networking LayerUITests/Pods-Advanced Networking Layer-Advanced Networking LayerUITests-frameworks-${CONFIGURATION}-output-files.xcfilelist",
			);
			runOnlyForDeploymentPostprocessing = 0;
			shellPath = /bin/sh;
			shellScript = "\"${PODS_ROOT}/Target Support Files/Pods-Advanced Networking Layer-Advanced Networking LayerUITests/Pods-Advanced Networking Layer-Advanced Networking LayerUITests-frameworks.sh\"\n";
			showEnvVarsInLog = 0;
		};
		89A3221FCAB7078015AC6BA8 /* [CP] Embed Pods Frameworks */ = {
			isa = PBXShellScriptBuildPhase;
			buildActionMask = 2147483647;
			files = (
			);
			inputFileListPaths = (
				"${PODS_ROOT}/Target Support Files/Pods-Advanced Networking Layer/Pods-Advanced Networking Layer-frameworks-${CONFIGURATION}-input-files.xcfilelist",
			);
			name = "[CP] Embed Pods Frameworks";
			outputFileListPaths = (
				"${PODS_ROOT}/Target Support Files/Pods-Advanced Networking Layer/Pods-Advanced Networking Layer-frameworks-${CONFIGURATION}-output-files.xcfilelist",
			);
			runOnlyForDeploymentPostprocessing = 0;
			shellPath = /bin/sh;
			shellScript = "\"${PODS_ROOT}/Target Support Files/Pods-Advanced Networking Layer/Pods-Advanced Networking Layer-frameworks.sh\"\n";
			showEnvVarsInLog = 0;
		};
		9BBD02B60C28F23ECA2A36E7 /* [CP] Check Pods Manifest.lock */ = {
			isa = PBXShellScriptBuildPhase;
			buildActionMask = 2147483647;
			files = (
			);
			inputFileListPaths = (
			);
			inputPaths = (
				"${PODS_PODFILE_DIR_PATH}/Podfile.lock",
				"${PODS_ROOT}/Manifest.lock",
			);
			name = "[CP] Check Pods Manifest.lock";
			outputFileListPaths = (
			);
			outputPaths = (
				"$(DERIVED_FILE_DIR)/Pods-Advanced Networking LayerTests-checkManifestLockResult.txt",
			);
			runOnlyForDeploymentPostprocessing = 0;
			shellPath = /bin/sh;
			shellScript = "diff \"${PODS_PODFILE_DIR_PATH}/Podfile.lock\" \"${PODS_ROOT}/Manifest.lock\" > /dev/null\nif [ $? != 0 ] ; then\n    # print error to STDERR\n    echo \"error: The sandbox is not in sync with the Podfile.lock. Run 'pod install' or update your CocoaPods installation.\" >&2\n    exit 1\nfi\n# This output is used by Xcode 'outputs' to avoid re-running this script phase.\necho \"SUCCESS\" > \"${SCRIPT_OUTPUT_FILE_0}\"\n";
			showEnvVarsInLog = 0;
		};
		FB61AAAE22643C98E738578F /* [CP] Check Pods Manifest.lock */ = {
			isa = PBXShellScriptBuildPhase;
			buildActionMask = 2147483647;
			files = (
			);
			inputFileListPaths = (
			);
			inputPaths = (
				"${PODS_PODFILE_DIR_PATH}/Podfile.lock",
				"${PODS_ROOT}/Manifest.lock",
			);
			name = "[CP] Check Pods Manifest.lock";
			outputFileListPaths = (
			);
			outputPaths = (
				"$(DERIVED_FILE_DIR)/Pods-Advanced Networking Layer-checkManifestLockResult.txt",
			);
			runOnlyForDeploymentPostprocessing = 0;
			shellPath = /bin/sh;
			shellScript = "diff \"${PODS_PODFILE_DIR_PATH}/Podfile.lock\" \"${PODS_ROOT}/Manifest.lock\" > /dev/null\nif [ $? != 0 ] ; then\n    # print error to STDERR\n    echo \"error: The sandbox is not in sync with the Podfile.lock. Run 'pod install' or update your CocoaPods installation.\" >&2\n    exit 1\nfi\n# This output is used by Xcode 'outputs' to avoid re-running this script phase.\necho \"SUCCESS\" > \"${SCRIPT_OUTPUT_FILE_0}\"\n";
			showEnvVarsInLog = 0;
		};
/* End PBXShellScriptBuildPhase section */

/* Begin PBXSourcesBuildPhase section */
		EA02CE2D273EC60000C6B49F /* Sources */ = {
			isa = PBXSourcesBuildPhase;
			buildActionMask = 2147483647;
			files = (
				EA02CE6E273EC66200C6B49F /* EventsMonitor.swift in Sources */,
				EA02CE39273EC60100C6B49F /* NewsViewController.swift in Sources */,
				EA02CE35273EC60100C6B49F /* AppDelegate.swift in Sources */,
				EA02CE7F273EDACE00C6B49F /* NewsViewModel.swift in Sources */,
				EA02CE70273EC67000C6B49F /* RequestsInterceptor.swift in Sources */,
				EA02CE6C273EC65700C6B49F /* RequestsRouter.swift in Sources */,
				EA02CE76273ECB3000C6B49F /* NewsModel.swift in Sources */,
				EABC9A3127401F9F00DF57E1 /* CommonViews.swift in Sources */,
				EA02CE37273EC60100C6B49F /* SceneDelegate.swift in Sources */,
				EABC9A342740210100DF57E1 /* NewsProtocols.swift in Sources */,
				EA02CE72273EC67D00C6B49F /* NetworkReachability.swift in Sources */,
				EA02CE7D273ED8E400C6B49F /* NewsUseCases.swift in Sources */,
				EA02CE74273EC68C00C6B49F /* NetworkingManger.swift in Sources */,
			);
			runOnlyForDeploymentPostprocessing = 0;
		};
		EA02CE46273EC60600C6B49F /* Sources */ = {
			isa = PBXSourcesBuildPhase;
			buildActionMask = 2147483647;
			files = (
				EABC9A36274029C100DF57E1 /* NewsViewModelTesting.swift in Sources */,
				EA02CE7B273ED25500C6B49F /* JSONMocking.swift in Sources */,
				EA02CE4F273EC60600C6B49F /* NewsUseCaseTesting.swift in Sources */,
				EA02CE79273ED23500C6B49F /* StubRequests.swift in Sources */,
			);
			runOnlyForDeploymentPostprocessing = 0;
		};
		EA02CE50273EC60700C6B49F /* Sources */ = {
			isa = PBXSourcesBuildPhase;
			buildActionMask = 2147483647;
			files = (
				EA02CE5B273EC60700C6B49F /* Advanced_Networking_LayerUITestsLaunchTests.swift in Sources */,
				EA02CE59273EC60700C6B49F /* Advanced_Networking_LayerUITests.swift in Sources */,
			);
			runOnlyForDeploymentPostprocessing = 0;
		};
/* End PBXSourcesBuildPhase section */

/* Begin PBXTargetDependency section */
		EA02CE4C273EC60600C6B49F /* PBXTargetDependency */ = {
			isa = PBXTargetDependency;
			target = EA02CE30273EC60000C6B49F /* Advanced Networking Layer */;
			targetProxy = EA02CE4B273EC60600C6B49F /* PBXContainerItemProxy */;
		};
		EA02CE56273EC60700C6B49F /* PBXTargetDependency */ = {
			isa = PBXTargetDependency;
			target = EA02CE30273EC60000C6B49F /* Advanced Networking Layer */;
			targetProxy = EA02CE55273EC60700C6B49F /* PBXContainerItemProxy */;
		};
/* End PBXTargetDependency section */

/* Begin PBXVariantGroup section */
		EA02CE3A273EC60100C6B49F /* Main.storyboard */ = {
			isa = PBXVariantGroup;
			children = (
				EA02CE3B273EC60100C6B49F /* Base */,
			);
			name = Main.storyboard;
			sourceTree = "<group>";
		};
		EA02CE42273EC60600C6B49F /* LaunchScreen.storyboard */ = {
			isa = PBXVariantGroup;
			children = (
				EA02CE43273EC60600C6B49F /* Base */,
			);
			name = LaunchScreen.storyboard;
			sourceTree = "<group>";
		};
/* End PBXVariantGroup section */

/* Begin XCBuildConfiguration section */
		EA02CE5C273EC60700C6B49F /* Debug */ = {
			isa = XCBuildConfiguration;
			buildSettings = {
				ALWAYS_SEARCH_USER_PATHS = NO;
				CLANG_ANALYZER_NONNULL = YES;
				CLANG_ANALYZER_NUMBER_OBJECT_CONVERSION = YES_AGGRESSIVE;
				CLANG_CXX_LANGUAGE_STANDARD = "gnu++17";
				CLANG_CXX_LIBRARY = "libc++";
				CLANG_ENABLE_MODULES = YES;
				CLANG_ENABLE_OBJC_ARC = YES;
				CLANG_ENABLE_OBJC_WEAK = YES;
				CLANG_WARN_BLOCK_CAPTURE_AUTORELEASING = YES;
				CLANG_WARN_BOOL_CONVERSION = YES;
				CLANG_WARN_COMMA = YES;
				CLANG_WARN_CONSTANT_CONVERSION = YES;
				CLANG_WARN_DEPRECATED_OBJC_IMPLEMENTATIONS = YES;
				CLANG_WARN_DIRECT_OBJC_ISA_USAGE = YES_ERROR;
				CLANG_WARN_DOCUMENTATION_COMMENTS = YES;
				CLANG_WARN_EMPTY_BODY = YES;
				CLANG_WARN_ENUM_CONVERSION = YES;
				CLANG_WARN_INFINITE_RECURSION = YES;
				CLANG_WARN_INT_CONVERSION = YES;
				CLANG_WARN_NON_LITERAL_NULL_CONVERSION = YES;
				CLANG_WARN_OBJC_IMPLICIT_RETAIN_SELF = YES;
				CLANG_WARN_OBJC_LITERAL_CONVERSION = YES;
				CLANG_WARN_OBJC_ROOT_CLASS = YES_ERROR;
				CLANG_WARN_QUOTED_INCLUDE_IN_FRAMEWORK_HEADER = YES;
				CLANG_WARN_RANGE_LOOP_ANALYSIS = YES;
				CLANG_WARN_STRICT_PROTOTYPES = YES;
				CLANG_WARN_SUSPICIOUS_MOVE = YES;
				CLANG_WARN_UNGUARDED_AVAILABILITY = YES_AGGRESSIVE;
				CLANG_WARN_UNREACHABLE_CODE = YES;
				CLANG_WARN__DUPLICATE_METHOD_MATCH = YES;
				COPY_PHASE_STRIP = NO;
				DEBUG_INFORMATION_FORMAT = dwarf;
				ENABLE_STRICT_OBJC_MSGSEND = YES;
				ENABLE_TESTABILITY = YES;
				GCC_C_LANGUAGE_STANDARD = gnu11;
				GCC_DYNAMIC_NO_PIC = NO;
				GCC_NO_COMMON_BLOCKS = YES;
				GCC_OPTIMIZATION_LEVEL = 0;
				GCC_PREPROCESSOR_DEFINITIONS = (
					"DEBUG=1",
					"$(inherited)",
				);
				GCC_WARN_64_TO_32_BIT_CONVERSION = YES;
				GCC_WARN_ABOUT_RETURN_TYPE = YES_ERROR;
				GCC_WARN_UNDECLARED_SELECTOR = YES;
				GCC_WARN_UNINITIALIZED_AUTOS = YES_AGGRESSIVE;
				GCC_WARN_UNUSED_FUNCTION = YES;
				GCC_WARN_UNUSED_VARIABLE = YES;
				IPHONEOS_DEPLOYMENT_TARGET = 15.0;
				MTL_ENABLE_DEBUG_INFO = INCLUDE_SOURCE;
				MTL_FAST_MATH = YES;
				ONLY_ACTIVE_ARCH = YES;
				SDKROOT = iphoneos;
				SWIFT_ACTIVE_COMPILATION_CONDITIONS = DEBUG;
				SWIFT_OPTIMIZATION_LEVEL = "-Onone";
			};
			name = Debug;
		};
		EA02CE5D273EC60700C6B49F /* Release */ = {
			isa = XCBuildConfiguration;
			buildSettings = {
				ALWAYS_SEARCH_USER_PATHS = NO;
				CLANG_ANALYZER_NONNULL = YES;
				CLANG_ANALYZER_NUMBER_OBJECT_CONVERSION = YES_AGGRESSIVE;
				CLANG_CXX_LANGUAGE_STANDARD = "gnu++17";
				CLANG_CXX_LIBRARY = "libc++";
				CLANG_ENABLE_MODULES = YES;
				CLANG_ENABLE_OBJC_ARC = YES;
				CLANG_ENABLE_OBJC_WEAK = YES;
				CLANG_WARN_BLOCK_CAPTURE_AUTORELEASING = YES;
				CLANG_WARN_BOOL_CONVERSION = YES;
				CLANG_WARN_COMMA = YES;
				CLANG_WARN_CONSTANT_CONVERSION = YES;
				CLANG_WARN_DEPRECATED_OBJC_IMPLEMENTATIONS = YES;
				CLANG_WARN_DIRECT_OBJC_ISA_USAGE = YES_ERROR;
				CLANG_WARN_DOCUMENTATION_COMMENTS = YES;
				CLANG_WARN_EMPTY_BODY = YES;
				CLANG_WARN_ENUM_CONVERSION = YES;
				CLANG_WARN_INFINITE_RECURSION = YES;
				CLANG_WARN_INT_CONVERSION = YES;
				CLANG_WARN_NON_LITERAL_NULL_CONVERSION = YES;
				CLANG_WARN_OBJC_IMPLICIT_RETAIN_SELF = YES;
				CLANG_WARN_OBJC_LITERAL_CONVERSION = YES;
				CLANG_WARN_OBJC_ROOT_CLASS = YES_ERROR;
				CLANG_WARN_QUOTED_INCLUDE_IN_FRAMEWORK_HEADER = YES;
				CLANG_WARN_RANGE_LOOP_ANALYSIS = YES;
				CLANG_WARN_STRICT_PROTOTYPES = YES;
				CLANG_WARN_SUSPICIOUS_MOVE = YES;
				CLANG_WARN_UNGUARDED_AVAILABILITY = YES_AGGRESSIVE;
				CLANG_WARN_UNREACHABLE_CODE = YES;
				CLANG_WARN__DUPLICATE_METHOD_MATCH = YES;
				COPY_PHASE_STRIP = NO;
				DEBUG_INFORMATION_FORMAT = "dwarf-with-dsym";
				ENABLE_NS_ASSERTIONS = NO;
				ENABLE_STRICT_OBJC_MSGSEND = YES;
				GCC_C_LANGUAGE_STANDARD = gnu11;
				GCC_NO_COMMON_BLOCKS = YES;
				GCC_WARN_64_TO_32_BIT_CONVERSION = YES;
				GCC_WARN_ABOUT_RETURN_TYPE = YES_ERROR;
				GCC_WARN_UNDECLARED_SELECTOR = YES;
				GCC_WARN_UNINITIALIZED_AUTOS = YES_AGGRESSIVE;
				GCC_WARN_UNUSED_FUNCTION = YES;
				GCC_WARN_UNUSED_VARIABLE = YES;
				IPHONEOS_DEPLOYMENT_TARGET = 15.0;
				MTL_ENABLE_DEBUG_INFO = NO;
				MTL_FAST_MATH = YES;
				SDKROOT = iphoneos;
				SWIFT_COMPILATION_MODE = wholemodule;
				SWIFT_OPTIMIZATION_LEVEL = "-O";
				VALIDATE_PRODUCT = YES;
			};
			name = Release;
		};
		EA02CE5F273EC60700C6B49F /* Debug */ = {
			isa = XCBuildConfiguration;
			baseConfigurationReference = EA9AE5BD19B77E31197D216D /* Pods-Advanced Networking Layer.debug.xcconfig */;
			buildSettings = {
				ASSETCATALOG_COMPILER_APPICON_NAME = AppIcon;
				ASSETCATALOG_COMPILER_GLOBAL_ACCENT_COLOR_NAME = AccentColor;
				CODE_SIGN_STYLE = Automatic;
				CURRENT_PROJECT_VERSION = 1;
				DEVELOPMENT_TEAM = H368HQSP2D;
				GENERATE_INFOPLIST_FILE = YES;
				INFOPLIST_FILE = "Advanced Networking Layer/Info.plist";
				INFOPLIST_KEY_UIApplicationSupportsIndirectInputEvents = YES;
				INFOPLIST_KEY_UILaunchStoryboardName = LaunchScreen;
				INFOPLIST_KEY_UIMainStoryboardFile = Main;
				INFOPLIST_KEY_UISupportedInterfaceOrientations_iPad = "UIInterfaceOrientationPortrait UIInterfaceOrientationPortraitUpsideDown UIInterfaceOrientationLandscapeLeft UIInterfaceOrientationLandscapeRight";
				INFOPLIST_KEY_UISupportedInterfaceOrientations_iPhone = "UIInterfaceOrientationPortrait UIInterfaceOrientationLandscapeLeft UIInterfaceOrientationLandscapeRight";
				LD_RUNPATH_SEARCH_PATHS = (
					"$(inherited)",
					"@executable_path/Frameworks",
				);
				MARKETING_VERSION = 1.0;
				PRODUCT_BUNDLE_IDENTIFIER = "com.Networking.Advanced-Networking-Layer";
				PRODUCT_NAME = "$(TARGET_NAME)";
				SWIFT_EMIT_LOC_STRINGS = YES;
				SWIFT_VERSION = 5.0;
				TARGETED_DEVICE_FAMILY = "1,2";
			};
			name = Debug;
		};
		EA02CE60273EC60700C6B49F /* Release */ = {
			isa = XCBuildConfiguration;
			baseConfigurationReference = 04E722994419B9FA57311B50 /* Pods-Advanced Networking Layer.release.xcconfig */;
			buildSettings = {
				ASSETCATALOG_COMPILER_APPICON_NAME = AppIcon;
				ASSETCATALOG_COMPILER_GLOBAL_ACCENT_COLOR_NAME = AccentColor;
				CODE_SIGN_STYLE = Automatic;
				CURRENT_PROJECT_VERSION = 1;
				DEVELOPMENT_TEAM = H368HQSP2D;
				GENERATE_INFOPLIST_FILE = YES;
				INFOPLIST_FILE = "Advanced Networking Layer/Info.plist";
				INFOPLIST_KEY_UIApplicationSupportsIndirectInputEvents = YES;
				INFOPLIST_KEY_UILaunchStoryboardName = LaunchScreen;
				INFOPLIST_KEY_UIMainStoryboardFile = Main;
				INFOPLIST_KEY_UISupportedInterfaceOrientations_iPad = "UIInterfaceOrientationPortrait UIInterfaceOrientationPortraitUpsideDown UIInterfaceOrientationLandscapeLeft UIInterfaceOrientationLandscapeRight";
				INFOPLIST_KEY_UISupportedInterfaceOrientations_iPhone = "UIInterfaceOrientationPortrait UIInterfaceOrientationLandscapeLeft UIInterfaceOrientationLandscapeRight";
				LD_RUNPATH_SEARCH_PATHS = (
					"$(inherited)",
					"@executable_path/Frameworks",
				);
				MARKETING_VERSION = 1.0;
				PRODUCT_BUNDLE_IDENTIFIER = "com.Networking.Advanced-Networking-Layer";
				PRODUCT_NAME = "$(TARGET_NAME)";
				SWIFT_EMIT_LOC_STRINGS = YES;
				SWIFT_VERSION = 5.0;
				TARGETED_DEVICE_FAMILY = "1,2";
			};
			name = Release;
		};
		EA02CE62273EC60700C6B49F /* Debug */ = {
			isa = XCBuildConfiguration;
			baseConfigurationReference = 04D7DB7D5A9A65A8264797DD /* Pods-Advanced Networking LayerTests.debug.xcconfig */;
			buildSettings = {
				ALWAYS_EMBED_SWIFT_STANDARD_LIBRARIES = YES;
				BUNDLE_LOADER = "$(TEST_HOST)";
				CODE_SIGN_STYLE = Automatic;
				CURRENT_PROJECT_VERSION = 1;
				DEVELOPMENT_TEAM = H368HQSP2D;
				GENERATE_INFOPLIST_FILE = YES;
				IPHONEOS_DEPLOYMENT_TARGET = 15.0;
				LD_RUNPATH_SEARCH_PATHS = (
					"$(inherited)",
					"@executable_path/Frameworks",
					"@loader_path/Frameworks",
				);
				MARKETING_VERSION = 1.0;
				PRODUCT_BUNDLE_IDENTIFIER = "com.Networking.Advanced-Networking-LayerTests";
				PRODUCT_NAME = "$(TARGET_NAME)";
				SWIFT_EMIT_LOC_STRINGS = NO;
				SWIFT_VERSION = 5.0;
				TARGETED_DEVICE_FAMILY = "1,2";
				TEST_HOST = "$(BUILT_PRODUCTS_DIR)/Advanced Networking Layer.app/Advanced Networking Layer";
			};
			name = Debug;
		};
		EA02CE63273EC60700C6B49F /* Release */ = {
			isa = XCBuildConfiguration;
			baseConfigurationReference = B4E9EE00EB32004AAC554B4B /* Pods-Advanced Networking LayerTests.release.xcconfig */;
			buildSettings = {
				ALWAYS_EMBED_SWIFT_STANDARD_LIBRARIES = YES;
				BUNDLE_LOADER = "$(TEST_HOST)";
				CODE_SIGN_STYLE = Automatic;
				CURRENT_PROJECT_VERSION = 1;
				DEVELOPMENT_TEAM = H368HQSP2D;
				GENERATE_INFOPLIST_FILE = YES;
				IPHONEOS_DEPLOYMENT_TARGET = 15.0;
				LD_RUNPATH_SEARCH_PATHS = (
					"$(inherited)",
					"@executable_path/Frameworks",
					"@loader_path/Frameworks",
				);
				MARKETING_VERSION = 1.0;
				PRODUCT_BUNDLE_IDENTIFIER = "com.Networking.Advanced-Networking-LayerTests";
				PRODUCT_NAME = "$(TARGET_NAME)";
				SWIFT_EMIT_LOC_STRINGS = NO;
				SWIFT_VERSION = 5.0;
				TARGETED_DEVICE_FAMILY = "1,2";
				TEST_HOST = "$(BUILT_PRODUCTS_DIR)/Advanced Networking Layer.app/Advanced Networking Layer";
			};
			name = Release;
		};
		EA02CE65273EC60700C6B49F /* Debug */ = {
			isa = XCBuildConfiguration;
			baseConfigurationReference = 6DAD01EC5667174F72100120 /* Pods-Advanced Networking Layer-Advanced Networking LayerUITests.debug.xcconfig */;
			buildSettings = {
				ALWAYS_EMBED_SWIFT_STANDARD_LIBRARIES = YES;
				CODE_SIGN_STYLE = Automatic;
				CURRENT_PROJECT_VERSION = 1;
				DEVELOPMENT_TEAM = H368HQSP2D;
				GENERATE_INFOPLIST_FILE = YES;
				LD_RUNPATH_SEARCH_PATHS = (
					"$(inherited)",
					"@executable_path/Frameworks",
					"@loader_path/Frameworks",
				);
				MARKETING_VERSION = 1.0;
				PRODUCT_BUNDLE_IDENTIFIER = "com.Networking.Advanced-Networking-LayerUITests";
				PRODUCT_NAME = "$(TARGET_NAME)";
				SWIFT_EMIT_LOC_STRINGS = NO;
				SWIFT_VERSION = 5.0;
				TARGETED_DEVICE_FAMILY = "1,2";
				TEST_TARGET_NAME = "Advanced Networking Layer";
			};
			name = Debug;
		};
		EA02CE66273EC60700C6B49F /* Release */ = {
			isa = XCBuildConfiguration;
			baseConfigurationReference = 15D5F61908B2C1D9FF105AB8 /* Pods-Advanced Networking Layer-Advanced Networking LayerUITests.release.xcconfig */;
			buildSettings = {
				ALWAYS_EMBED_SWIFT_STANDARD_LIBRARIES = YES;
				CODE_SIGN_STYLE = Automatic;
				CURRENT_PROJECT_VERSION = 1;
				DEVELOPMENT_TEAM = H368HQSP2D;
				GENERATE_INFOPLIST_FILE = YES;
				LD_RUNPATH_SEARCH_PATHS = (
					"$(inherited)",
					"@executable_path/Frameworks",
					"@loader_path/Frameworks",
				);
				MARKETING_VERSION = 1.0;
				PRODUCT_BUNDLE_IDENTIFIER = "com.Networking.Advanced-Networking-LayerUITests";
				PRODUCT_NAME = "$(TARGET_NAME)";
				SWIFT_EMIT_LOC_STRINGS = NO;
				SWIFT_VERSION = 5.0;
				TARGETED_DEVICE_FAMILY = "1,2";
				TEST_TARGET_NAME = "Advanced Networking Layer";
			};
			name = Release;
		};
/* End XCBuildConfiguration section */

/* Begin XCConfigurationList section */
		EA02CE2C273EC60000C6B49F /* Build configuration list for PBXProject "Advanced Networking Layer" */ = {
			isa = XCConfigurationList;
			buildConfigurations = (
				EA02CE5C273EC60700C6B49F /* Debug */,
				EA02CE5D273EC60700C6B49F /* Release */,
			);
			defaultConfigurationIsVisible = 0;
			defaultConfigurationName = Release;
		};
		EA02CE5E273EC60700C6B49F /* Build configuration list for PBXNativeTarget "Advanced Networking Layer" */ = {
			isa = XCConfigurationList;
			buildConfigurations = (
				EA02CE5F273EC60700C6B49F /* Debug */,
				EA02CE60273EC60700C6B49F /* Release */,
			);
			defaultConfigurationIsVisible = 0;
			defaultConfigurationName = Release;
		};
		EA02CE61273EC60700C6B49F /* Build configuration list for PBXNativeTarget "Advanced Networking LayerTests" */ = {
			isa = XCConfigurationList;
			buildConfigurations = (
				EA02CE62273EC60700C6B49F /* Debug */,
				EA02CE63273EC60700C6B49F /* Release */,
			);
			defaultConfigurationIsVisible = 0;
			defaultConfigurationName = Release;
		};
		EA02CE64273EC60700C6B49F /* Build configuration list for PBXNativeTarget "Advanced Networking LayerUITests" */ = {
			isa = XCConfigurationList;
			buildConfigurations = (
				EA02CE65273EC60700C6B49F /* Debug */,
				EA02CE66273EC60700C6B49F /* Release */,
			);
			defaultConfigurationIsVisible = 0;
			defaultConfigurationName = Release;
		};
/* End XCConfigurationList section */
	};
	rootObject = EA02CE29273EC60000C6B49F /* Project object */;
}
